Microsoft Visual Studio Solution File, Format Version 12.00
# Visual Studio Version 18
VisualStudioVersion = 18.1.11312.151
MinimumVisualStudioVersion = 10.0.40219.1
Project("{FAE04EC0-301F-11D3-BF4B-00C04F79EFBC}") = "Kitsub.Core", "src\Kitsub.Core\Kitsub.Core.csproj", "{44C84321-BBAD-4F55-9953-11DD5334C5A7}"
EndProject
Project("{FAE04EC0-301F-11D3-BF4B-00C04F79EFBC}") = "Kitsub.Tooling", "src\Kitsub.Tooling\Kitsub.Tooling.csproj", "{EA02B5FF-5AF5-4830-8C13-524B32A4B102}"
EndProject
Project("{FAE04EC0-301F-11D3-BF4B-00C04F79EFBC}") = "Kitsub", "src\Kitsub.Cli\Kitsub.csproj", "{32FEC9DB-2E94-4771-B2B2-336E53043851}"
EndProject
Project("{FAE04EC0-301F-11D3-BF4B-00C04F79EFBC}") = "Kitsub.Tests", "tests\Kitsub.Tests\Kitsub.Tests.csproj", "{C01BD659-ADE8-47EE-AEC7-9FF70039AE37}"
EndProject
Project("{FAE04EC0-301F-11D3-BF4B-00C04F79EFBC}") = "Kitsub.Cli.Tests", "tests\Kitsub.Cli.Tests\Kitsub.Cli.Tests.csproj", "{B8D45583-0138-4825-9B75-3B597BCF2A14}"
EndProject
Global
	GlobalSection(SolutionConfigurationPlatforms) = preSolution
		Debug|Any CPU = Debug|Any CPU
		Debug|x64 = Debug|x64
		Release|Any CPU = Release|Any CPU
		Release|x64 = Release|x64
		x64|Any CPU = x64|Any CPU
		x64|x64 = x64|x64
	EndGlobalSection
	GlobalSection(ProjectConfigurationPlatforms) = postSolution
		{44C84321-BBAD-4F55-9953-11DD5334C5A7}.Debug|Any CPU.ActiveCfg = Debug|Any CPU
		{44C84321-BBAD-4F55-9953-11DD5334C5A7}.Debug|Any CPU.Build.0 = Debug|Any CPU
		{44C84321-BBAD-4F55-9953-11DD5334C5A7}.Debug|x64.ActiveCfg = Debug|x64
		{44C84321-BBAD-4F55-9953-11DD5334C5A7}.Debug|x64.Build.0 = Debug|x64
		{44C84321-BBAD-4F55-9953-11DD5334C5A7}.Release|Any CPU.ActiveCfg = Release|Any CPU
		{44C84321-BBAD-4F55-9953-11DD5334C5A7}.Release|Any CPU.Build.0 = Release|Any CPU
		{44C84321-BBAD-4F55-9953-11DD5334C5A7}.Release|x64.ActiveCfg = Release|x64
		{44C84321-BBAD-4F55-9953-11DD5334C5A7}.Release|x64.Build.0 = Release|x64
		{44C84321-BBAD-4F55-9953-11DD5334C5A7}.x64|Any CPU.ActiveCfg = x64|Any CPU
		{44C84321-BBAD-4F55-9953-11DD5334C5A7}.x64|Any CPU.Build.0 = x64|Any CPU
		{44C84321-BBAD-4F55-9953-11DD5334C5A7}.x64|x64.ActiveCfg = x64|x64
		{44C84321-BBAD-4F55-9953-11DD5334C5A7}.x64|x64.Build.0 = x64|x64
		{EA02B5FF-5AF5-4830-8C13-524B32A4B102}.Debug|Any CPU.ActiveCfg = Debug|Any CPU
		{EA02B5FF-5AF5-4830-8C13-524B32A4B102}.Debug|Any CPU.Build.0 = Debug|Any CPU
		{EA02B5FF-5AF5-4830-8C13-524B32A4B102}.Debug|x64.ActiveCfg = Debug|x64
		{EA02B5FF-5AF5-4830-8C13-524B32A4B102}.Debug|x64.Build.0 = Debug|x64
		{EA02B5FF-5AF5-4830-8C13-524B32A4B102}.Release|Any CPU.ActiveCfg = Release|Any CPU
		{EA02B5FF-5AF5-4830-8C13-524B32A4B102}.Release|Any CPU.Build.0 = Release|Any CPU
		{EA02B5FF-5AF5-4830-8C13-524B32A4B102}.Release|x64.ActiveCfg = Release|x64
		{EA02B5FF-5AF5-4830-8C13-524B32A4B102}.Release|x64.Build.0 = Release|x64
		{EA02B5FF-5AF5-4830-8C13-524B32A4B102}.x64|Any CPU.ActiveCfg = Release|Any CPU
		{EA02B5FF-5AF5-4830-8C13-524B32A4B102}.x64|Any CPU.Build.0 = Release|Any CPU
		{EA02B5FF-5AF5-4830-8C13-524B32A4B102}.x64|x64.ActiveCfg = x64|x64
		{EA02B5FF-5AF5-4830-8C13-524B32A4B102}.x64|x64.Build.0 = x64|x64
		{32FEC9DB-2E94-4771-B2B2-336E53043851}.Debug|Any CPU.ActiveCfg = Debug|Any CPU
		{32FEC9DB-2E94-4771-B2B2-336E53043851}.Debug|Any CPU.Build.0 = Debug|Any CPU
		{32FEC9DB-2E94-4771-B2B2-336E53043851}.Debug|x64.ActiveCfg = Debug|x64
		{32FEC9DB-2E94-4771-B2B2-336E53043851}.Debug|x64.Build.0 = Debug|x64
		{32FEC9DB-2E94-4771-B2B2-336E53043851}.Release|Any CPU.ActiveCfg = Release|Any CPU
		{32FEC9DB-2E94-4771-B2B2-336E53043851}.Release|Any CPU.Build.0 = Release|Any CPU
		{32FEC9DB-2E94-4771-B2B2-336E53043851}.Release|x64.ActiveCfg = Release|x64
		{32FEC9DB-2E94-4771-B2B2-336E53043851}.Release|x64.Build.0 = Release|x64
		{32FEC9DB-2E94-4771-B2B2-336E53043851}.x64|Any CPU.ActiveCfg = x64|Any CPU
		{32FEC9DB-2E94-4771-B2B2-336E53043851}.x64|Any CPU.Build.0 = x64|Any CPU
		{32FEC9DB-2E94-4771-B2B2-336E53043851}.x64|x64.ActiveCfg = x64|x64
		{32FEC9DB-2E94-4771-B2B2-336E53043851}.x64|x64.Build.0 = x64|x64
		{C01BD659-ADE8-47EE-AEC7-9FF70039AE37}.Debug|Any CPU.ActiveCfg = Debug|Any CPU
		{C01BD659-ADE8-47EE-AEC7-9FF70039AE37}.Debug|Any CPU.Build.0 = Debug|Any CPU
		{C01BD659-ADE8-47EE-AEC7-9FF70039AE37}.Debug|x64.ActiveCfg = Debug|x64
		{C01BD659-ADE8-47EE-AEC7-9FF70039AE37}.Debug|x64.Build.0 = Debug|x64
		{C01BD659-ADE8-47EE-AEC7-9FF70039AE37}.Release|Any CPU.ActiveCfg = Release|Any CPU
		{C01BD659-ADE8-47EE-AEC7-9FF70039AE37}.Release|Any CPU.Build.0 = Release|Any CPU
		{C01BD659-ADE8-47EE-AEC7-9FF70039AE37}.Release|x64.ActiveCfg = Release|x64
		{C01BD659-ADE8-47EE-AEC7-9FF70039AE37}.Release|x64.Build.0 = Release|x64
		{C01BD659-ADE8-47EE-AEC7-9FF70039AE37}.x64|Any CPU.ActiveCfg = x64|Any CPU
		{C01BD659-ADE8-47EE-AEC7-9FF70039AE37}.x64|Any CPU.Build.0 = x64|Any CPU
		{C01BD659-ADE8-47EE-AEC7-9FF70039AE37}.x64|x64.ActiveCfg = x64|x64
		{C01BD659-ADE8-47EE-AEC7-9FF70039AE37}.x64|x64.Build.0 = x64|x64
		{B8D45583-0138-4825-9B75-3B597BCF2A14}.Debug|Any CPU.ActiveCfg = Debug|Any CPU
		{B8D45583-0138-4825-9B75-3B597BCF2A14}.Debug|Any CPU.Build.0 = Debug|Any CPU
		{B8D45583-0138-4825-9B75-3B597BCF2A14}.Debug|x64.ActiveCfg = Debug|x64
		{B8D45583-0138-4825-9B75-3B597BCF2A14}.Debug|x64.Build.0 = Debug|x64
		{B8D45583-0138-4825-9B75-3B597BCF2A14}.Release|Any CPU.ActiveCfg = Release|Any CPU
		{B8D45583-0138-4825-9B75-3B597BCF2A14}.Release|Any CPU.Build.0 = Release|Any CPU
		{B8D45583-0138-4825-9B75-3B597BCF2A14}.Release|x64.ActiveCfg = Release|x64
		{B8D45583-0138-4825-9B75-3B597BCF2A14}.Release|x64.Build.0 = Release|x64
		{B8D45583-0138-4825-9B75-3B597BCF2A14}.x64|Any CPU.ActiveCfg = x64|Any CPU
		{B8D45583-0138-4825-9B75-3B597BCF2A14}.x64|Any CPU.Build.0 = x64|Any CPU
		{B8D45583-0138-4825-9B75-3B597BCF2A14}.x64|x64.ActiveCfg = x64|x64
		{B8D45583-0138-4825-9B75-3B597BCF2A14}.x64|x64.Build.0 = x64|x64
	EndGlobalSection
	GlobalSection(SolutionProperties) = preSolution
		HideSolutionNode = FALSE
	EndGlobalSection
	GlobalSection(ExtensibilityGlobals) = postSolution
		SolutionGuid = {C1455FBE-A651-42B2-9A77-76576F4E839B}
	EndGlobalSection
EndGlobal
